
Microsoft Visual Studio Solution File, Format Version 12.00
# Visual Studio Version 17
VisualStudioVersion = 17.6.33706.43
MinimumVisualStudioVersion = 10.0.40219.1
Project("{FAE04EC0-301F-11D3-BF4B-00C04F79EFBC}") = "ConsoleApp1", "ConsoleApp1\ConsoleApp1.csproj", "{079225BC-3DE5-48AE-9439-08B0B53C0BDA}"
EndProject
Global
	GlobalSection(SolutionConfigurationPlatforms) = preSolution
		Debug|Any CPU = Debug|Any CPU
		Release|Any CPU = Release|Any CPU
	EndGlobalSection
	GlobalSection(ProjectConfigurationPlatforms) = postSolution
		{079225BC-3DE5-48AE-9439-08B0B53C0BDA}.Debug|Any CPU.ActiveCfg = Debug|Any CPU
		{079225BC-3DE5-48AE-9439-08B0B53C0BDA}.Debug|Any CPU.Build.0 = Debug|Any CPU
		{079225BC-3DE5-48AE-9439-08B0B53C0BDA}.Release|Any CPU.ActiveCfg = Release|Any CPU
		{079225BC-3DE5-48AE-9439-08B0B53C0BDA}.Release|Any CPU.Build.0 = Release|Any CPU
	EndGlobalSection
	GlobalSection(SolutionProperties) = preSolution
		HideSolutionNode = FALSE
	EndGlobalSection
	GlobalSection(ExtensibilityGlobals) = postSolution
		SolutionGuid = {9949EE7C-E759-4AF9-BA73-E13D08A86FBB}
	EndGlobalSection
EndGlobal
